
Microsoft Visual Studio Solution File, Format Version 12.00
# Visual Studio Version 17
VisualStudioVersion = 17.11.35312.102
MinimumVisualStudioVersion = 10.0.40219.1
Project("{FAE04EC0-301F-11D3-BF4B-00C04F79EFBC}") = "HelloWorld", "HelloWorld\HelloWorld.csproj", "{9DDB55D1-6079-438B-926B-EB8141C5CA8F}"
EndProject
Project("{FAE04EC0-301F-11D3-BF4B-00C04F79EFBC}") = "01-Addierer", "01-Addierer\01-Addierer.csproj", "{905FEB1D-F920-48B0-B299-29FB911B1CC1}"
EndProject
Project("{FAE04EC0-301F-11D3-BF4B-00C04F79EFBC}") = "02-secondsOfMonth", "secondsOfMonth\02-secondsOfMonth.csproj", "{34D7FD68-6687-422D-A6E0-5179FB10FFB4}"
EndProject
Project("{FAE04EC0-301F-11D3-BF4B-00C04F79EFBC}") = "03-Flussdiagramm1", "03-Flussdiagramm1\03-Flussdiagramm1.csproj", "{D5EBB2FD-2625-45DA-A670-A64ECCBDDB25}"
EndProject
Project("{FAE04EC0-301F-11D3-BF4B-00C04F79EFBC}") = "04-nameMonth", "nameMonth\04-nameMonth.csproj", "{E9F57415-52B1-44D6-8D84-75AFADE959D3}"
EndProject
Project("{FAE04EC0-301F-11D3-BF4B-00C04F79EFBC}") = "05-Flussdiagramm2", "05-Flussdiagramm2\05-Flussdiagramm2.csproj", "{256E72A9-878A-456F-ABD0-5CF1F7D0CD6C}"
EndProject
Project("{FAE04EC0-301F-11D3-BF4B-00C04F79EFBC}") = "06-small1x1", "06-small1x1\06-small1x1.csproj", "{7BB26FB8-82A9-46F8-8EBE-AEDB3E1A2FD7}"
EndProject
Project("{FAE04EC0-301F-11D3-BF4B-00C04F79EFBC}") = "07-divisoin3,5", "07-divisoin3,5\07-divisoin3,5.csproj", "{1FBA40EB-B915-4261-A05B-B7895375CBD4}"
EndProject
Project("{FAE04EC0-301F-11D3-BF4B-00C04F79EFBC}") = "08-binaryNunber", "08-binaryNunber\08-binaryNunber.csproj", "{FAEB0B3A-675F-4189-BF58-1EB31B67BC8F}"
EndProject
Project("{FAE04EC0-301F-11D3-BF4B-00C04F79EFBC}") = "09-Quersumme", "09-Quersumme\09-Quersumme.csproj", "{943F486C-F3EE-4C02-BEB1-C2B2411A385D}"
EndProject
Project("{FAE04EC0-301F-11D3-BF4B-00C04F79EFBC}") = "10-divisionQuersumme", "10-divisionQuersumme\10-divisionQuersumme.csproj", "{B8F58285-089A-49A2-A3F0-A63340B6624A}"
EndProject
Project("{FAE04EC0-301F-11D3-BF4B-00C04F79EFBC}") = "11-DrawLine", "11-DrawLine\11-DrawLine.csproj", "{BAD8F2F6-A56C-4E9F-A564-78EB618D9893}"
EndProject
Project("{FAE04EC0-301F-11D3-BF4B-00C04F79EFBC}") = "12-Schleifen", "12-Schleifen\12-Schleifen.csproj", "{E9C5DBDA-C725-4AB7-B873-5DC738C7C768}"
EndProject
Project("{FAE04EC0-301F-11D3-BF4B-00C04F79EFBC}") = "13-schaltjahre", "13-schaltjahre\13-schaltjahre.csproj", "{411270DF-946B-416B-AE3E-BC7EB960FE0E}"
EndProject
Global
	GlobalSection(SolutionConfigurationPlatforms) = preSolution
		Debug|Any CPU = Debug|Any CPU
		Release|Any CPU = Release|Any CPU
	EndGlobalSection
	GlobalSection(ProjectConfigurationPlatforms) = postSolution
		{9DDB55D1-6079-438B-926B-EB8141C5CA8F}.Debug|Any CPU.ActiveCfg = Debug|Any CPU
		{9DDB55D1-6079-438B-926B-EB8141C5CA8F}.Debug|Any CPU.Build.0 = Debug|Any CPU
		{9DDB55D1-6079-438B-926B-EB8141C5CA8F}.Release|Any CPU.ActiveCfg = Release|Any CPU
		{9DDB55D1-6079-438B-926B-EB8141C5CA8F}.Release|Any CPU.Build.0 = Release|Any CPU
		{905FEB1D-F920-48B0-B299-29FB911B1CC1}.Debug|Any CPU.ActiveCfg = Debug|Any CPU
		{905FEB1D-F920-48B0-B299-29FB911B1CC1}.Debug|Any CPU.Build.0 = Debug|Any CPU
		{905FEB1D-F920-48B0-B299-29FB911B1CC1}.Release|Any CPU.ActiveCfg = Release|Any CPU
		{905FEB1D-F920-48B0-B299-29FB911B1CC1}.Release|Any CPU.Build.0 = Release|Any CPU
		{34D7FD68-6687-422D-A6E0-5179FB10FFB4}.Debug|Any CPU.ActiveCfg = Debug|Any CPU
		{34D7FD68-6687-422D-A6E0-5179FB10FFB4}.Debug|Any CPU.Build.0 = Debug|Any CPU
		{34D7FD68-6687-422D-A6E0-5179FB10FFB4}.Release|Any CPU.ActiveCfg = Release|Any CPU
		{34D7FD68-6687-422D-A6E0-5179FB10FFB4}.Release|Any CPU.Build.0 = Release|Any CPU
		{D5EBB2FD-2625-45DA-A670-A64ECCBDDB25}.Debug|Any CPU.ActiveCfg = Debug|Any CPU
		{D5EBB2FD-2625-45DA-A670-A64ECCBDDB25}.Debug|Any CPU.Build.0 = Debug|Any CPU
		{D5EBB2FD-2625-45DA-A670-A64ECCBDDB25}.Release|Any CPU.ActiveCfg = Release|Any CPU
		{D5EBB2FD-2625-45DA-A670-A64ECCBDDB25}.Release|Any CPU.Build.0 = Release|Any CPU
		{E9F57415-52B1-44D6-8D84-75AFADE959D3}.Debug|Any CPU.ActiveCfg = Debug|Any CPU
		{E9F57415-52B1-44D6-8D84-75AFADE959D3}.Debug|Any CPU.Build.0 = Debug|Any CPU
		{E9F57415-52B1-44D6-8D84-75AFADE959D3}.Release|Any CPU.ActiveCfg = Release|Any CPU
		{E9F57415-52B1-44D6-8D84-75AFADE959D3}.Release|Any CPU.Build.0 = Release|Any CPU
		{256E72A9-878A-456F-ABD0-5CF1F7D0CD6C}.Debug|Any CPU.ActiveCfg = Debug|Any CPU
		{256E72A9-878A-456F-ABD0-5CF1F7D0CD6C}.Debug|Any CPU.Build.0 = Debug|Any CPU
		{256E72A9-878A-456F-ABD0-5CF1F7D0CD6C}.Release|Any CPU.ActiveCfg = Release|Any CPU
		{256E72A9-878A-456F-ABD0-5CF1F7D0CD6C}.Release|Any CPU.Build.0 = Release|Any CPU
		{7BB26FB8-82A9-46F8-8EBE-AEDB3E1A2FD7}.Debug|Any CPU.ActiveCfg = Debug|Any CPU
		{7BB26FB8-82A9-46F8-8EBE-AEDB3E1A2FD7}.Debug|Any CPU.Build.0 = Debug|Any CPU
		{7BB26FB8-82A9-46F8-8EBE-AEDB3E1A2FD7}.Release|Any CPU.ActiveCfg = Release|Any CPU
		{7BB26FB8-82A9-46F8-8EBE-AEDB3E1A2FD7}.Release|Any CPU.Build.0 = Release|Any CPU
		{1FBA40EB-B915-4261-A05B-B7895375CBD4}.Debug|Any CPU.ActiveCfg = Debug|Any CPU
		{1FBA40EB-B915-4261-A05B-B7895375CBD4}.Debug|Any CPU.Build.0 = Debug|Any CPU
		{1FBA40EB-B915-4261-A05B-B7895375CBD4}.Release|Any CPU.ActiveCfg = Release|Any CPU
		{1FBA40EB-B915-4261-A05B-B7895375CBD4}.Release|Any CPU.Build.0 = Release|Any CPU
		{FAEB0B3A-675F-4189-BF58-1EB31B67BC8F}.Debug|Any CPU.ActiveCfg = Debug|Any CPU
		{FAEB0B3A-675F-4189-BF58-1EB31B67BC8F}.Debug|Any CPU.Build.0 = Debug|Any CPU
		{FAEB0B3A-675F-4189-BF58-1EB31B67BC8F}.Release|Any CPU.ActiveCfg = Release|Any CPU
		{FAEB0B3A-675F-4189-BF58-1EB31B67BC8F}.Release|Any CPU.Build.0 = Release|Any CPU
		{943F486C-F3EE-4C02-BEB1-C2B2411A385D}.Debug|Any CPU.ActiveCfg = Debug|Any CPU
		{943F486C-F3EE-4C02-BEB1-C2B2411A385D}.Debug|Any CPU.Build.0 = Debug|Any CPU
		{943F486C-F3EE-4C02-BEB1-C2B2411A385D}.Release|Any CPU.ActiveCfg = Release|Any CPU
		{943F486C-F3EE-4C02-BEB1-C2B2411A385D}.Release|Any CPU.Build.0 = Release|Any CPU
		{B8F58285-089A-49A2-A3F0-A63340B6624A}.Debug|Any CPU.ActiveCfg = Debug|Any CPU
		{B8F58285-089A-49A2-A3F0-A63340B6624A}.Debug|Any CPU.Build.0 = Debug|Any CPU
		{B8F58285-089A-49A2-A3F0-A63340B6624A}.Release|Any CPU.ActiveCfg = Release|Any CPU
		{B8F58285-089A-49A2-A3F0-A63340B6624A}.Release|Any CPU.Build.0 = Release|Any CPU
		{BAD8F2F6-A56C-4E9F-A564-78EB618D9893}.Debug|Any CPU.ActiveCfg = Debug|Any CPU
		{BAD8F2F6-A56C-4E9F-A564-78EB618D9893}.Debug|Any CPU.Build.0 = Debug|Any CPU
		{BAD8F2F6-A56C-4E9F-A564-78EB618D9893}.Release|Any CPU.ActiveCfg = Release|Any CPU
		{BAD8F2F6-A56C-4E9F-A564-78EB618D9893}.Release|Any CPU.Build.0 = Release|Any CPU
		{E9C5DBDA-C725-4AB7-B873-5DC738C7C768}.Debug|Any CPU.ActiveCfg = Debug|Any CPU
		{E9C5DBDA-C725-4AB7-B873-5DC738C7C768}.Debug|Any CPU.Build.0 = Debug|Any CPU
		{E9C5DBDA-C725-4AB7-B873-5DC738C7C768}.Release|Any CPU.ActiveCfg = Release|Any CPU
		{E9C5DBDA-C725-4AB7-B873-5DC738C7C768}.Release|Any CPU.Build.0 = Release|Any CPU
		{411270DF-946B-416B-AE3E-BC7EB960FE0E}.Debug|Any CPU.ActiveCfg = Debug|Any CPU
		{411270DF-946B-416B-AE3E-BC7EB960FE0E}.Debug|Any CPU.Build.0 = Debug|Any CPU
		{411270DF-946B-416B-AE3E-BC7EB960FE0E}.Release|Any CPU.ActiveCfg = Release|Any CPU
		{411270DF-946B-416B-AE3E-BC7EB960FE0E}.Release|Any CPU.Build.0 = Release|Any CPU
	EndGlobalSection
	GlobalSection(SolutionProperties) = preSolution
		HideSolutionNode = FALSE
	EndGlobalSection
	GlobalSection(ExtensibilityGlobals) = postSolution
		SolutionGuid = {A6D8600A-DDEB-4DA0-8C10-CCE77D70FA60}
	EndGlobalSection
EndGlobal
